
Microsoft Visual Studio Solution File, Format Version 12.00
# Visual Studio Version 17
VisualStudioVersion = 17.6.33815.320
MinimumVisualStudioVersion = 10.0.40219.1
Project("{FAE04EC0-301F-11D3-BF4B-00C04F79EFBC}") = "api-survey", "api-survey.csproj", "{63A5C9BA-2EAA-44D8-8360-938506064101}"
EndProject
Global
	GlobalSection(SolutionConfigurationPlatforms) = preSolution
		Debug|Any CPU = Debug|Any CPU
		Release|Any CPU = Release|Any CPU
	EndGlobalSection
	GlobalSection(ProjectConfigurationPlatforms) = postSolution
		{63A5C9BA-2EAA-44D8-8360-938506064101}.Debug|Any CPU.ActiveCfg = Debug|Any CPU
		{63A5C9BA-2EAA-44D8-8360-938506064101}.Debug|Any CPU.Build.0 = Debug|Any CPU
		{63A5C9BA-2EAA-44D8-8360-938506064101}.Release|Any CPU.ActiveCfg = Release|Any CPU
		{63A5C9BA-2EAA-44D8-8360-938506064101}.Release|Any CPU.Build.0 = Release|Any CPU
	EndGlobalSection
	GlobalSection(SolutionProperties) = preSolution
		HideSolutionNode = FALSE
	EndGlobalSection
	GlobalSection(ExtensibilityGlobals) = postSolution
		SolutionGuid = {72BB009B-59C4-492F-8A06-236D5514BB93}
	EndGlobalSection
EndGlobal
